{
  "name": "vue-account-library",
  "version": "0.0.0",
  "lockfileVersion": 1,
  "requires": true,
  "dependencies": {
    "single-spa-vue": {
      "version": "2.5.1",
      "resolved": "https://registry.npmjs.org/single-spa-vue/-/single-spa-vue-2.5.1.tgz",
      "integrity": "sha512-Vw0xPs7F9vJd7ZN9gSvkipYfStAOUmke2oeheecK6hpBhLhDCx9uU2GcXC/pL6KuLDom+pZOAZxTg6UdI7Toew=="
    }
  }
}
